
Microsoft Visual Studio Solution File, Format Version 12.00
# Visual Studio 2012
Project("{FAE04EC0-301F-11D3-BF4B-00C04F79EFBC}") = "GestureForADollar.Core", "GestureForADollar.Core\GestureForADollar.Core.csproj", "{2CE3F34F-8532-49D9-B2A3-0C97293C9910}"
EndProject
Project("{FAE04EC0-301F-11D3-BF4B-00C04F79EFBC}") = "GestureForADollar.GestureMaker", "GestureForADollar.GestureMaker\GestureForADollar.GestureMaker.csproj", "{E07580A7-C2C2-4051-AFFB-B659DBA95C4A}"
EndProject
Global
	GlobalSection(SolutionConfigurationPlatforms) = preSolution
		Debug|Any CPU = Debug|Any CPU
		Release|Any CPU = Release|Any CPU
		Debug|iPhoneSimulator = Debug|iPhoneSimulator
		Release|iPhone = Release|iPhone
		Release|iPhoneSimulator = Release|iPhoneSimulator
		Debug|iPhone = Debug|iPhone
	EndGlobalSection
	GlobalSection(ProjectConfigurationPlatforms) = postSolution
		{2CE3F34F-8532-49D9-B2A3-0C97293C9910}.Debug|Any CPU.ActiveCfg = Debug|Any CPU
		{2CE3F34F-8532-49D9-B2A3-0C97293C9910}.Debug|Any CPU.Build.0 = Debug|Any CPU
		{2CE3F34F-8532-49D9-B2A3-0C97293C9910}.Release|Any CPU.ActiveCfg = Release|Any CPU
		{2CE3F34F-8532-49D9-B2A3-0C97293C9910}.Release|Any CPU.Build.0 = Release|Any CPU
		{2CE3F34F-8532-49D9-B2A3-0C97293C9910}.Debug|iPhoneSimulator.ActiveCfg = Debug|Any CPU
		{2CE3F34F-8532-49D9-B2A3-0C97293C9910}.Debug|iPhoneSimulator.Build.0 = Debug|Any CPU
		{2CE3F34F-8532-49D9-B2A3-0C97293C9910}.Release|iPhone.ActiveCfg = Release|Any CPU
		{2CE3F34F-8532-49D9-B2A3-0C97293C9910}.Release|iPhone.Build.0 = Release|Any CPU
		{2CE3F34F-8532-49D9-B2A3-0C97293C9910}.Release|iPhoneSimulator.ActiveCfg = Release|Any CPU
		{2CE3F34F-8532-49D9-B2A3-0C97293C9910}.Release|iPhoneSimulator.Build.0 = Release|Any CPU
		{2CE3F34F-8532-49D9-B2A3-0C97293C9910}.Debug|iPhone.ActiveCfg = Debug|Any CPU
		{2CE3F34F-8532-49D9-B2A3-0C97293C9910}.Debug|iPhone.Build.0 = Debug|Any CPU
		{E07580A7-C2C2-4051-AFFB-B659DBA95C4A}.Debug|Any CPU.ActiveCfg = Debug|iPhoneSimulator
		{E07580A7-C2C2-4051-AFFB-B659DBA95C4A}.Debug|Any CPU.Build.0 = Debug|iPhoneSimulator
		{E07580A7-C2C2-4051-AFFB-B659DBA95C4A}.Release|Any CPU.ActiveCfg = Release|iPhone
		{E07580A7-C2C2-4051-AFFB-B659DBA95C4A}.Release|Any CPU.Build.0 = Release|iPhone
		{E07580A7-C2C2-4051-AFFB-B659DBA95C4A}.Debug|iPhoneSimulator.ActiveCfg = Debug|iPhoneSimulator
		{E07580A7-C2C2-4051-AFFB-B659DBA95C4A}.Debug|iPhoneSimulator.Build.0 = Debug|iPhoneSimulator
		{E07580A7-C2C2-4051-AFFB-B659DBA95C4A}.Release|iPhone.ActiveCfg = Release|iPhone
		{E07580A7-C2C2-4051-AFFB-B659DBA95C4A}.Release|iPhone.Build.0 = Release|iPhone
		{E07580A7-C2C2-4051-AFFB-B659DBA95C4A}.Release|iPhoneSimulator.ActiveCfg = Release|iPhoneSimulator
		{E07580A7-C2C2-4051-AFFB-B659DBA95C4A}.Release|iPhoneSimulator.Build.0 = Release|iPhoneSimulator
		{E07580A7-C2C2-4051-AFFB-B659DBA95C4A}.Debug|iPhone.ActiveCfg = Debug|iPhone
		{E07580A7-C2C2-4051-AFFB-B659DBA95C4A}.Debug|iPhone.Build.0 = Debug|iPhone
	EndGlobalSection
EndGlobal
